<?xml version="1.0" encoding="utf-8"?>
<Project ToolsVersion="4.0" xmlns="http://schemas.microsoft.com/developer/msbuild/2003">
  <ItemGroup>
    <Filter Include="Source Files">
      <UniqueIdentifier>{4FC737F1-C7A5-4376-A066-2A32D752A2FF}</UniqueIdentifier>
      <Extensions>cpp;c;cc;cxx;def;odl;idl;hpj;bat;asm;asmx</Extensions>
    </Filter>
    <Filter Include="Source Files\Parser">
      <UniqueIdentifier>{6039bb34-a45d-4cae-8be8-9e36075b58d6}</UniqueIdentifier>
    </Filter>
    <Filter Include="Source Files\Representation">
      <UniqueIdentifier>{d67bfaa3-289a-4806-a7e5-9fff2c60f112}</UniqueIdentifier>
    </Filter>
    <Filter Include="Source Files\Scanner">
      <UniqueIdentifier>{f5a32f78-c0c6-4160-a716-854ad025cdf5}</UniqueIdentifier>
    </Filter>
    <Filter Include="Source Files\Emitter">
      <UniqueIdentifier>{45605dae-d3c7-41db-87cf-2457cedc966f}</UniqueIdentifier>
    </Filter>
    <Filter Include="Header Files">
      <UniqueIdentifier>{93995380-89BD-4b04-88EB-625FBE52EBFB}</UniqueIdentifier>
      <Extensions>h;hpp;hxx;hm;inl;inc;xsd</Extensions>
    </Filter>
    <Filter Include="Header Files\Parser">
      <UniqueIdentifier>{54a17688-3e98-4412-8141-60b229bbe681}</UniqueIdentifier>
    </Filter>
    <Filter Include="Header Files\Representation">
      <UniqueIdentifier>{800295b8-da47-4e29-92cf-13cdcb8bb6e1}</UniqueIdentifier>
    </Filter>
    <Filter Include="Header Files\Scanner">
      <UniqueIdentifier>{c7916cd3-fc9b-49b0-ba6c-446fbe15e020}</UniqueIdentifier>
    </Filter>
    <Filter Include="Header Files\Emitter">
      <UniqueIdentifier>{c223aa86-2958-440f-95c6-a26c1506d0c0}</UniqueIdentifier>
    </Filter>
    <Filter Include="Resource Files">
      <UniqueIdentifier>{67DA6AB6-F800-4c08-8B7A-83BB121AAD01}</UniqueIdentifier>
      <Extensions>rc;ico;cur;bmp;dlg;rc2;rct;bin;rgs;gif;jpg;jpeg;jpe;resx;tiff;tif;png;wav</Extensions>
    </Filter>
  </ItemGroup>
  <ItemGroup>
    <ClCompile Include="src\parser.cpp">
      <Filter>Source Files\Parser</Filter>
    </ClCompile>
    <ClCompile Include="src\parserstate.cpp">
      <Filter>Source Files\Parser</Filter>
    </ClCompile>
    <ClCompile Include="src\aliascontent.cpp">
      <Filter>Source Files\Representation</Filter>
    </ClCompile>
    <ClCompile Include="src\conversion.cpp">
      <Filter>Source Files\Representation</Filter>
    </ClCompile>
    <ClCompile Include="src\iterator.cpp">
      <Filter>Source Files\Representation</Filter>
    </ClCompile>
    <ClCompile Include="src\map.cpp">
      <Filter>Source Files\Representation</Filter>
    </ClCompile>
    <ClCompile Include="src\node.cpp">
      <Filter>Source Files\Representation</Filter>
    </ClCompile>
    <ClCompile Include="src\null.cpp">
      <Filter>Source Files\Representation</Filter>
    </ClCompile>
    <ClCompile Include="src\scalar.cpp">
      <Filter>Source Files\Representation</Filter>
    </ClCompile>
    <ClCompile Include="src\sequence.cpp">
      <Filter>Source Files\Representation</Filter>
    </ClCompile>
    <ClCompile Include="src\tag.cpp">
      <Filter>Source Files\Representation</Filter>
    </ClCompile>
    <ClCompile Include="src\exp.cpp">
      <Filter>Source Files\Scanner</Filter>
    </ClCompile>
    <ClCompile Include="src\regex.cpp">
      <Filter>Source Files\Scanner</Filter>
    </ClCompile>
    <ClCompile Include="src\scanner.cpp">
      <Filter>Source Files\Scanner</Filter>
    </ClCompile>
    <ClCompile Include="src\scanscalar.cpp">
      <Filter>Source Files\Scanner</Filter>
    </ClCompile>
    <ClCompile Include="src\scantag.cpp">
      <Filter>Source Files\Scanner</Filter>
    </ClCompile>
    <ClCompile Include="src\scantoken.cpp">
      <Filter>Source Files\Scanner</Filter>
    </ClCompile>
    <ClCompile Include="src\simplekey.cpp">
      <Filter>Source Files\Scanner</Filter>
    </ClCompile>
    <ClCompile Include="src\stream.cpp">
      <Filter>Source Files\Scanner</Filter>
    </ClCompile>
    <ClCompile Include="src\emitter.cpp">
      <Filter>Source Files\Emitter</Filter>
    </ClCompile>
    <ClCompile Include="src\emitterstate.cpp">
      <Filter>Source Files\Emitter</Filter>
    </ClCompile>
    <ClCompile Include="src\emitterutils.cpp">
      <Filter>Source Files\Emitter</Filter>
    </ClCompile>
    <ClCompile Include="src\ostream.cpp">
      <Filter>Source Files\Emitter</Filter>
    </ClCompile>
  </ItemGroup>
  <ItemGroup>
    <ClInclude Include="include\crt.h">
      <Filter>Header Files</Filter>
    </ClInclude>
    <ClInclude Include="include\exceptions.h">
      <Filter>Header Files</Filter>
    </ClInclude>
    <ClInclude Include="src\indentation.h">
      <Filter>Header Files</Filter>
    </ClInclude>
    <ClInclude Include="include\noncopyable.h">
      <Filter>Header Files</Filter>
    </ClInclude>
    <ClInclude Include="include\yaml.h">
      <Filter>Header Files</Filter>
    </ClInclude>
    <ClInclude Include="include\parser.h">
      <Filter>Header Files\Parser</Filter>
    </ClInclude>
    <ClInclude Include="include\parserstate.h">
      <Filter>Header Files\Parser</Filter>
    </ClInclude>
    <ClInclude Include="src\aliascontent.h">
      <Filter>Header Files\Representation</Filter>
    </ClInclude>
    <ClInclude Include="src\content.h">
      <Filter>Header Files\Representation</Filter>
    </ClInclude>
    <ClInclude Include="include\conversion.h">
      <Filter>Header Files\Representation</Filter>
    </ClInclude>
    <ClInclude Include="include\iterator.h">
      <Filter>Header Files\Representation</Filter>
    </ClInclude>
    <ClInclude Include="src\iterpriv.h">
      <Filter>Header Files\Representation</Filter>
    </ClInclude>
    <ClInclude Include="src\ltnode.h">
      <Filter>Header Files\Representation</Filter>
    </ClInclude>
    <ClInclude Include="src\map.h">
      <Filter>Header Files\Representation</Filter>
    </ClInclude>
    <ClInclude Include="include\node.h">
      <Filter>Header Files\Representation</Filter>
    </ClInclude>
    <ClInclude Include="src\scalar.h">
      <Filter>Header Files\Representation</Filter>
    </ClInclude>
    <ClInclude Include="src\sequence.h">
      <Filter>Header Files\Representation</Filter>
    </ClInclude>
    <ClInclude Include="src\tag.h">
      <Filter>Header Files\Representation</Filter>
    </ClInclude>
    <ClInclude Include="src\exp.h">
      <Filter>Header Files\Scanner</Filter>
    </ClInclude>
    <ClInclude Include="src\regex.h">
      <Filter>Header Files\Scanner</Filter>
    </ClInclude>
    <ClInclude Include="src\regeximpl.h">
      <Filter>Header Files\Scanner</Filter>
    </ClInclude>
    <ClInclude Include="src\scanner.h">
      <Filter>Header Files\Scanner</Filter>
    </ClInclude>
    <ClInclude Include="src\scanscalar.h">
      <Filter>Header Files\Scanner</Filter>
    </ClInclude>
    <ClInclude Include="src\scantag.h">
      <Filter>Header Files\Scanner</Filter>
    </ClInclude>
    <ClInclude Include="src\stream.h">
      <Filter>Header Files\Scanner</Filter>
    </ClInclude>
    <ClInclude Include="src\streamcharsource.h">
      <Filter>Header Files\Scanner</Filter>
    </ClInclude>
    <ClInclude Include="src\stringsource.h">
      <Filter>Header Files\Scanner</Filter>
    </ClInclude>
    <ClInclude Include="src\token.h">
      <Filter>Header Files\Scanner</Filter>
    </ClInclude>
    <ClInclude Include="include\emitter.h">
      <Filter>Header Files\Emitter</Filter>
    </ClInclude>
    <ClInclude Include="include\emittermanip.h">
      <Filter>Header Files\Emitter</Filter>
    </ClInclude>
    <ClInclude Include="src\emitterstate.h">
      <Filter>Header Files\Emitter</Filter>
    </ClInclude>
    <ClInclude Include="src\emitterutils.h">
      <Filter>Header Files\Emitter</Filter>
    </ClInclude>
    <ClInclude Include="include\ostream.h">
      <Filter>Header Files\Emitter</Filter>
    </ClInclude>
    <ClInclude Include="include\stlemitter.h">
      <Filter>Header Files\Emitter</Filter>
    </ClInclude>
  </ItemGroup>
</Project>