<?xml version="1.0" encoding="utf-8"?>
<Project ToolsVersion="4.0" xmlns="http://schemas.microsoft.com/developer/msbuild/2003">
  <ItemGroup>
    <Filter Include="Source Files">
      <UniqueIdentifier>{4FC737F1-C7A5-4376-A066-2A32D752A2FF}</UniqueIdentifier>
      <Extensions>cpp;c;cc;cxx;def;odl;idl;hpj;bat;asm;asmx</Extensions>
    </Filter>
    <Filter Include="Header Files">
      <UniqueIdentifier>{93995380-89BD-4b04-88EB-625FBE52EBFB}</UniqueIdentifier>
      <Extensions>h;hpp;hxx;hm;inl;inc;xsd</Extensions>
    </Filter>
    <Filter Include="Resource Files">
      <UniqueIdentifier>{67DA6AB6-F800-4c08-8B7A-83BB121AAD01}</UniqueIdentifier>
      <Extensions>rc;ico;cur;bmp;dlg;rc2;rct;bin;rgs;gif;jpg;jpeg;jpe;resx;tiff;tif;png;wav;mfcribbon-ms</Extensions>
    </Filter>
    <Filter Include="Source Files\bots">
      <UniqueIdentifier>{5ee885f2-6ee4-4cf2-a5ee-f4523dfdf0d6}</UniqueIdentifier>
    </Filter>
    <Filter Include="Source Files\usarsim">
      <UniqueIdentifier>{760f9833-1465-402a-be0d-9714b8e1590a}</UniqueIdentifier>
    </Filter>
    <Filter Include="Source Files\slam">
      <UniqueIdentifier>{02dc0ead-035b-4a7c-9076-a3514856e588}</UniqueIdentifier>
    </Filter>
    <Filter Include="Header Files\slam">
      <UniqueIdentifier>{fa33e0e3-2513-4fa0-9fc5-2259e236c545}</UniqueIdentifier>
    </Filter>
    <Filter Include="Header Files\bots">
      <UniqueIdentifier>{3a2ba223-72ec-4e38-af08-fc25dcf92867}</UniqueIdentifier>
    </Filter>
    <Filter Include="Source Files\usarsim\socket">
      <UniqueIdentifier>{fb2b9ada-af86-4095-b97e-41a510e23382}</UniqueIdentifier>
    </Filter>
    <Filter Include="Header Files\usarsim">
      <UniqueIdentifier>{5ea6fab0-4f2b-4d41-8d2d-44541bbee5ab}</UniqueIdentifier>
    </Filter>
    <Filter Include="Header Files\usarsim\socket">
      <UniqueIdentifier>{be0b74b1-9c11-4873-9b8f-b25b0cefc939}</UniqueIdentifier>
    </Filter>
  </ItemGroup>
  <ItemGroup>
    <ClCompile Include="main.cpp">
      <Filter>Source Files</Filter>
    </ClCompile>
    <ClCompile Include="mysocket.cpp">
      <Filter>Source Files\usarsim\socket</Filter>
    </ClCompile>
    <ClCompile Include="bot_ardrone.cpp">
      <Filter>Source Files\bots</Filter>
    </ClCompile>
    <ClCompile Include="bot_ardrone_usarsim.cpp">
      <Filter>Source Files\bots</Filter>
    </ClCompile>
    <ClCompile Include="bot_ardrone_recorder.cpp">
      <Filter>Source Files\bots</Filter>
    </ClCompile>
    <ClCompile Include="bot_ardrone_ardronelib.cpp">
      <Filter>Source Files\bots</Filter>
    </ClCompile>
    <ClCompile Include="bot_ardrone_keyboard.cpp">
      <Filter>Source Files\bots</Filter>
    </ClCompile>
    <ClCompile Include="usarsim_msgparser.cpp">
      <Filter>Source Files\usarsim</Filter>
    </ClCompile>
    <ClCompile Include="slam.cpp">
      <Filter>Source Files\slam</Filter>
    </ClCompile>
  </ItemGroup>
  <ItemGroup>
    <ClInclude Include="global.h">
      <Filter>Header Files</Filter>
    </ClInclude>
    <ClInclude Include="slam.h">
      <Filter>Header Files\slam</Filter>
    </ClInclude>
    <ClInclude Include="mysocket.h">
      <Filter>Header Files\usarsim\socket</Filter>
    </ClInclude>
    <ClInclude Include="usarsim_msgparser.h">
      <Filter>Header Files\usarsim</Filter>
    </ClInclude>
    <ClInclude Include="bot_ardrone.h">
      <Filter>Header Files\bots</Filter>
    </ClInclude>
    <ClInclude Include="bot_ardrone_ardronelib.h">
      <Filter>Header Files\bots</Filter>
    </ClInclude>
    <ClInclude Include="bot_ardrone_keyboard.h">
      <Filter>Header Files\bots</Filter>
    </ClInclude>
    <ClInclude Include="bot_ardrone_recorder.h">
      <Filter>Header Files\bots</Filter>
    </ClInclude>
    <ClInclude Include="bot_ardrone_usarsim.h">
      <Filter>Header Files\bots</Filter>
    </ClInclude>
    <ClInclude Include="botinterface.h">
      <Filter>Header Files\bots</Filter>
    </ClInclude>
  </ItemGroup>
</Project>