
Microsoft Visual Studio Solution File, Format Version 11.00
# Visual Studio 2010
Project("{8BC9CEB8-8B4A-11D0-8D11-00A0C91BC942}") = "ardrone_slam", "ardrone_slam\ardrone_slam.vcxproj", "{587234C3-06EA-4431-8DD5-D12A75A4F73E}"
EndProject
Project("{8BC9CEB8-8B4A-11D0-8D11-00A0C91BC942}") = "ardronewin32", "ardronewin32\ardronewin32.vcxproj", "{E144B454-A53F-47CF-BDD4-D1695952EEC7}"
EndProject
Project("{8BC9CEB8-8B4A-11D0-8D11-00A0C91BC942}") = "ARDroneAPI-1.6", "ARDroneAPI-1.6\ARDroneAPI-1.6.vcxproj", "{E84E6B0E-6893-4803-BD17-2D7F85A203AA}"
EndProject
Project("{8BC9CEB8-8B4A-11D0-8D11-00A0C91BC942}") = "yamlcpp", "yaml-cpp-0.2.5\yamlcpp.vcxproj", "{3104AB4E-CD31-4F47-95E9-0E8D9374E15D}"
EndProject
Project("{8BC9CEB8-8B4A-11D0-8D11-00A0C91BC942}") = "ARDroneAPI-1.7", "ARDroneAPI-1.7\ArDroneAPI-1.7.vcxproj", "{3217131C-F675-490C-B9CB-66FD85C2E1B8}"
EndProject
Project("{8BC9CEB8-8B4A-11D0-8D11-00A0C91BC942}") = "calibration", "calibration\calibration.vcxproj", "{1CAB159F-5694-4860-9CFA-66C3A4557188}"
EndProject
Global
	GlobalSection(SolutionConfigurationPlatforms) = preSolution
		Debug|Win32 = Debug|Win32
		Release|Win32 = Release|Win32
	EndGlobalSection
	GlobalSection(ProjectConfigurationPlatforms) = postSolution
		{587234C3-06EA-4431-8DD5-D12A75A4F73E}.Debug|Win32.ActiveCfg = Debug|Win32
		{587234C3-06EA-4431-8DD5-D12A75A4F73E}.Debug|Win32.Build.0 = Debug|Win32
		{587234C3-06EA-4431-8DD5-D12A75A4F73E}.Release|Win32.ActiveCfg = Release|Win32
		{587234C3-06EA-4431-8DD5-D12A75A4F73E}.Release|Win32.Build.0 = Release|Win32
		{E144B454-A53F-47CF-BDD4-D1695952EEC7}.Debug|Win32.ActiveCfg = Debug|Win32
		{E144B454-A53F-47CF-BDD4-D1695952EEC7}.Debug|Win32.Build.0 = Debug|Win32
		{E144B454-A53F-47CF-BDD4-D1695952EEC7}.Release|Win32.ActiveCfg = Release|Win32
		{E144B454-A53F-47CF-BDD4-D1695952EEC7}.Release|Win32.Build.0 = Release|Win32
		{E84E6B0E-6893-4803-BD17-2D7F85A203AA}.Debug|Win32.ActiveCfg = Debug|Win32
		{E84E6B0E-6893-4803-BD17-2D7F85A203AA}.Debug|Win32.Build.0 = Debug|Win32
		{E84E6B0E-6893-4803-BD17-2D7F85A203AA}.Release|Win32.ActiveCfg = Release|Win32
		{E84E6B0E-6893-4803-BD17-2D7F85A203AA}.Release|Win32.Build.0 = Release|Win32
		{3104AB4E-CD31-4F47-95E9-0E8D9374E15D}.Debug|Win32.ActiveCfg = Debug|Win32
		{3104AB4E-CD31-4F47-95E9-0E8D9374E15D}.Debug|Win32.Build.0 = Debug|Win32
		{3104AB4E-CD31-4F47-95E9-0E8D9374E15D}.Release|Win32.ActiveCfg = Release|Win32
		{3104AB4E-CD31-4F47-95E9-0E8D9374E15D}.Release|Win32.Build.0 = Release|Win32
		{3217131C-F675-490C-B9CB-66FD85C2E1B8}.Debug|Win32.ActiveCfg = Debug|Win32
		{3217131C-F675-490C-B9CB-66FD85C2E1B8}.Debug|Win32.Build.0 = Debug|Win32
		{3217131C-F675-490C-B9CB-66FD85C2E1B8}.Release|Win32.ActiveCfg = Release|Win32
		{3217131C-F675-490C-B9CB-66FD85C2E1B8}.Release|Win32.Build.0 = Release|Win32
		{1CAB159F-5694-4860-9CFA-66C3A4557188}.Debug|Win32.ActiveCfg = Debug|Win32
		{1CAB159F-5694-4860-9CFA-66C3A4557188}.Debug|Win32.Build.0 = Debug|Win32
		{1CAB159F-5694-4860-9CFA-66C3A4557188}.Release|Win32.ActiveCfg = Release|Win32
		{1CAB159F-5694-4860-9CFA-66C3A4557188}.Release|Win32.Build.0 = Release|Win32
	EndGlobalSection
	GlobalSection(SolutionProperties) = preSolution
		HideSolutionNode = FALSE
	EndGlobalSection
EndGlobal
